
Microsoft Visual Studio Solution File, Format Version 12.00
# Visual Studio Version 17
VisualStudioVersion = 17.3.32819.101
MinimumVisualStudioVersion = 10.0.40219.1
Project("{9A19103F-16F7-4668-BE54-9A1E7A4F7556}") = "Application.Common", "Common\Application.Common\Application.Common.csproj", "{8B4C6352-E496-4D48-9577-264326DD9DE8}"
EndProject
Project("{9A19103F-16F7-4668-BE54-9A1E7A4F7556}") = "Domain.Common", "Common\Domain.Common\Domain.Common.csproj", "{821998B1-5856-4725-80B7-D401D94ABB55}"
EndProject
Project("{9A19103F-16F7-4668-BE54-9A1E7A4F7556}") = "Infrastructure.Common", "Common\Infrastructure.Common\Infrastructure.Common.csproj", "{0460FEA1-838B-4C74-AC86-71B787B44A8E}"
EndProject
Project("{2150E333-8FDC-42A3-9474-1A3956D46DE8}") = "Common", "Common", "{25BBFE53-62A0-4AF6-B2A0-7BF4AA8C92F9}"
EndProject
Project("{2150E333-8FDC-42A3-9474-1A3956D46DE8}") = "ContractManagement", "ContractManagement", "{F83A4B88-C68C-414D-ACF6-88339D446AB4}"
EndProject
Project("{9A19103F-16F7-4668-BE54-9A1E7A4F7556}") = "Application", "ContractManagement\Application\Application.csproj", "{72032F50-AE0C-42B9-8BEA-1642A00B1A55}"
EndProject
Project("{9A19103F-16F7-4668-BE54-9A1E7A4F7556}") = "Domain", "ContractManagement\Domain\Domain.csproj", "{41567A80-958F-4C1F-892E-AA4A889320F1}"
EndProject
Project("{9A19103F-16F7-4668-BE54-9A1E7A4F7556}") = "Domain.UnitTests", "ContractManagement\Domain.UnitTests\Domain.UnitTests.csproj", "{B3138F57-D5BD-4BB7-8661-B5A2970A9E54}"
EndProject
Project("{9A19103F-16F7-4668-BE54-9A1E7A4F7556}") = "Infrastructure", "ContractManagement\Infrastructure\Infrastructure.csproj", "{FD79AF0E-D6DF-4057-A316-75E1E18477D9}"
EndProject
Project("{2150E333-8FDC-42A3-9474-1A3956D46DE8}") = "Interface", "Interface", "{B1A1715B-37A3-47D5-9464-417A409BCF83}"
EndProject
Project("{9A19103F-16F7-4668-BE54-9A1E7A4F7556}") = "WebAPI", "ContractManagement\Interface\WebAPI\WebAPI.csproj", "{E52DB67F-F912-47BC-806D-D89695474817}"
EndProject
Project("{9A19103F-16F7-4668-BE54-9A1E7A4F7556}") = "MessageReceiver", "ContractManagement\Interface\MessageReceiver\MessageReceiver.csproj", "{8CE94F85-7BFF-4ABD-8997-A4B4B8F62EFA}"
EndProject
Project("{2150E333-8FDC-42A3-9474-1A3956D46DE8}") = "OutputManagement", "OutputManagement", "{938735E6-1547-4EEB-9B9B-3BBF1756F9F8}"
EndProject
Project("{9A19103F-16F7-4668-BE54-9A1E7A4F7556}") = "OutputManagementService", "OutputManagement\OutputManagementService\OutputManagementService.csproj", "{A59990D1-0D63-4B69-9BB4-204A4DCB3E10}"
EndProject
Project("{2150E333-8FDC-42A3-9474-1A3956D46DE8}") = "!Support", "!Support", "{C2397A7F-63B3-46E9-9C8B-B2E4A5C54F40}"
EndProject
Project("{9A19103F-16F7-4668-BE54-9A1E7A4F7556}") = "MessageSender", "!Support\MessageSender\MessageSender.csproj", "{25F41B16-B481-4657-A7C3-C0FDDF57B87F}"
EndProject
Global
	GlobalSection(SolutionConfigurationPlatforms) = preSolution
		Debug|Any CPU = Debug|Any CPU
		Release|Any CPU = Release|Any CPU
	EndGlobalSection
	GlobalSection(ProjectConfigurationPlatforms) = postSolution
		{8B4C6352-E496-4D48-9577-264326DD9DE8}.Debug|Any CPU.ActiveCfg = Debug|Any CPU
		{8B4C6352-E496-4D48-9577-264326DD9DE8}.Debug|Any CPU.Build.0 = Debug|Any CPU
		{8B4C6352-E496-4D48-9577-264326DD9DE8}.Release|Any CPU.ActiveCfg = Release|Any CPU
		{8B4C6352-E496-4D48-9577-264326DD9DE8}.Release|Any CPU.Build.0 = Release|Any CPU
		{821998B1-5856-4725-80B7-D401D94ABB55}.Debug|Any CPU.ActiveCfg = Debug|Any CPU
		{821998B1-5856-4725-80B7-D401D94ABB55}.Debug|Any CPU.Build.0 = Debug|Any CPU
		{821998B1-5856-4725-80B7-D401D94ABB55}.Release|Any CPU.ActiveCfg = Release|Any CPU
		{821998B1-5856-4725-80B7-D401D94ABB55}.Release|Any CPU.Build.0 = Release|Any CPU
		{0460FEA1-838B-4C74-AC86-71B787B44A8E}.Debug|Any CPU.ActiveCfg = Debug|Any CPU
		{0460FEA1-838B-4C74-AC86-71B787B44A8E}.Debug|Any CPU.Build.0 = Debug|Any CPU
		{0460FEA1-838B-4C74-AC86-71B787B44A8E}.Release|Any CPU.ActiveCfg = Release|Any CPU
		{0460FEA1-838B-4C74-AC86-71B787B44A8E}.Release|Any CPU.Build.0 = Release|Any CPU
		{72032F50-AE0C-42B9-8BEA-1642A00B1A55}.Debug|Any CPU.ActiveCfg = Debug|Any CPU
		{72032F50-AE0C-42B9-8BEA-1642A00B1A55}.Debug|Any CPU.Build.0 = Debug|Any CPU
		{72032F50-AE0C-42B9-8BEA-1642A00B1A55}.Release|Any CPU.ActiveCfg = Release|Any CPU
		{72032F50-AE0C-42B9-8BEA-1642A00B1A55}.Release|Any CPU.Build.0 = Release|Any CPU
		{41567A80-958F-4C1F-892E-AA4A889320F1}.Debug|Any CPU.ActiveCfg = Debug|Any CPU
		{41567A80-958F-4C1F-892E-AA4A889320F1}.Debug|Any CPU.Build.0 = Debug|Any CPU
		{41567A80-958F-4C1F-892E-AA4A889320F1}.Release|Any CPU.ActiveCfg = Release|Any CPU
		{41567A80-958F-4C1F-892E-AA4A889320F1}.Release|Any CPU.Build.0 = Release|Any CPU
		{B3138F57-D5BD-4BB7-8661-B5A2970A9E54}.Debug|Any CPU.ActiveCfg = Debug|Any CPU
		{B3138F57-D5BD-4BB7-8661-B5A2970A9E54}.Debug|Any CPU.Build.0 = Debug|Any CPU
		{B3138F57-D5BD-4BB7-8661-B5A2970A9E54}.Release|Any CPU.ActiveCfg = Release|Any CPU
		{B3138F57-D5BD-4BB7-8661-B5A2970A9E54}.Release|Any CPU.Build.0 = Release|Any CPU
		{FD79AF0E-D6DF-4057-A316-75E1E18477D9}.Debug|Any CPU.ActiveCfg = Debug|Any CPU
		{FD79AF0E-D6DF-4057-A316-75E1E18477D9}.Debug|Any CPU.Build.0 = Debug|Any CPU
		{FD79AF0E-D6DF-4057-A316-75E1E18477D9}.Release|Any CPU.ActiveCfg = Release|Any CPU
		{FD79AF0E-D6DF-4057-A316-75E1E18477D9}.Release|Any CPU.Build.0 = Release|Any CPU
		{E52DB67F-F912-47BC-806D-D89695474817}.Debug|Any CPU.ActiveCfg = Debug|Any CPU
		{E52DB67F-F912-47BC-806D-D89695474817}.Debug|Any CPU.Build.0 = Debug|Any CPU
		{E52DB67F-F912-47BC-806D-D89695474817}.Release|Any CPU.ActiveCfg = Release|Any CPU
		{E52DB67F-F912-47BC-806D-D89695474817}.Release|Any CPU.Build.0 = Release|Any CPU
		{8CE94F85-7BFF-4ABD-8997-A4B4B8F62EFA}.Debug|Any CPU.ActiveCfg = Debug|Any CPU
		{8CE94F85-7BFF-4ABD-8997-A4B4B8F62EFA}.Debug|Any CPU.Build.0 = Debug|Any CPU
		{8CE94F85-7BFF-4ABD-8997-A4B4B8F62EFA}.Release|Any CPU.ActiveCfg = Release|Any CPU
		{8CE94F85-7BFF-4ABD-8997-A4B4B8F62EFA}.Release|Any CPU.Build.0 = Release|Any CPU
		{A59990D1-0D63-4B69-9BB4-204A4DCB3E10}.Debug|Any CPU.ActiveCfg = Debug|Any CPU
		{A59990D1-0D63-4B69-9BB4-204A4DCB3E10}.Debug|Any CPU.Build.0 = Debug|Any CPU
		{A59990D1-0D63-4B69-9BB4-204A4DCB3E10}.Release|Any CPU.ActiveCfg = Release|Any CPU
		{A59990D1-0D63-4B69-9BB4-204A4DCB3E10}.Release|Any CPU.Build.0 = Release|Any CPU
		{25F41B16-B481-4657-A7C3-C0FDDF57B87F}.Debug|Any CPU.ActiveCfg = Debug|Any CPU
		{25F41B16-B481-4657-A7C3-C0FDDF57B87F}.Debug|Any CPU.Build.0 = Debug|Any CPU
		{25F41B16-B481-4657-A7C3-C0FDDF57B87F}.Release|Any CPU.ActiveCfg = Release|Any CPU
		{25F41B16-B481-4657-A7C3-C0FDDF57B87F}.Release|Any CPU.Build.0 = Release|Any CPU
	EndGlobalSection
	GlobalSection(SolutionProperties) = preSolution
		HideSolutionNode = FALSE
	EndGlobalSection
	GlobalSection(NestedProjects) = preSolution
		{8B4C6352-E496-4D48-9577-264326DD9DE8} = {25BBFE53-62A0-4AF6-B2A0-7BF4AA8C92F9}
		{821998B1-5856-4725-80B7-D401D94ABB55} = {25BBFE53-62A0-4AF6-B2A0-7BF4AA8C92F9}
		{0460FEA1-838B-4C74-AC86-71B787B44A8E} = {25BBFE53-62A0-4AF6-B2A0-7BF4AA8C92F9}
		{72032F50-AE0C-42B9-8BEA-1642A00B1A55} = {F83A4B88-C68C-414D-ACF6-88339D446AB4}
		{41567A80-958F-4C1F-892E-AA4A889320F1} = {F83A4B88-C68C-414D-ACF6-88339D446AB4}
		{B3138F57-D5BD-4BB7-8661-B5A2970A9E54} = {F83A4B88-C68C-414D-ACF6-88339D446AB4}
		{FD79AF0E-D6DF-4057-A316-75E1E18477D9} = {F83A4B88-C68C-414D-ACF6-88339D446AB4}
		{B1A1715B-37A3-47D5-9464-417A409BCF83} = {F83A4B88-C68C-414D-ACF6-88339D446AB4}
		{E52DB67F-F912-47BC-806D-D89695474817} = {B1A1715B-37A3-47D5-9464-417A409BCF83}
		{8CE94F85-7BFF-4ABD-8997-A4B4B8F62EFA} = {B1A1715B-37A3-47D5-9464-417A409BCF83}
		{A59990D1-0D63-4B69-9BB4-204A4DCB3E10} = {938735E6-1547-4EEB-9B9B-3BBF1756F9F8}
		{25F41B16-B481-4657-A7C3-C0FDDF57B87F} = {C2397A7F-63B3-46E9-9C8B-B2E4A5C54F40}
	EndGlobalSection
	GlobalSection(ExtensibilityGlobals) = postSolution
		SolutionGuid = {175DAEBD-CB5E-4C66-877D-341FCF72EBC5}
	EndGlobalSection
EndGlobal
