
Microsoft Visual Studio Solution File, Format Version 12.00
# Visual Studio Version 17
VisualStudioVersion = 17.2.32505.173
MinimumVisualStudioVersion = 10.0.40219.1
Project("{9A19103F-16F7-4668-BE54-9A1E7A4F7556}") = "Application.Common", "Common\Application.Common\Application.Common.csproj", "{AE88A001-83D9-4345-B78D-4A1A13FD906D}"
EndProject
Project("{2150E333-8FDC-42A3-9474-1A3956D46DE8}") = "Common", "Common", "{0A7984F3-6E40-46D4-B9A1-E7BA81D36225}"
EndProject
Project("{9A19103F-16F7-4668-BE54-9A1E7A4F7556}") = "Domain.Common", "Common\Domain.Common\Domain.Common.csproj", "{D239EB1F-7056-45F9-BC28-D492FB5F9916}"
EndProject
Project("{9A19103F-16F7-4668-BE54-9A1E7A4F7556}") = "Infrastructure.Common", "Common\Infrastructure.Common\Infrastructure.Common.csproj", "{5A143955-2538-4CC2-A20C-50529D65741C}"
EndProject
Project("{2150E333-8FDC-42A3-9474-1A3956D46DE8}") = "ContractManagement", "ContractManagement", "{A33A8FA8-7A77-4BB6-A56A-A17FB50DE8D4}"
EndProject
Project("{9A19103F-16F7-4668-BE54-9A1E7A4F7556}") = "Application", "ContractManagement\Application\Application.csproj", "{56F88BF9-CE2E-4E7F-BB27-960275AB96FE}"
EndProject
Project("{9A19103F-16F7-4668-BE54-9A1E7A4F7556}") = "Domain", "ContractManagement\Domain\Domain.csproj", "{E1D68C47-0941-44DC-B23D-EFA40A9E5399}"
EndProject
Project("{9A19103F-16F7-4668-BE54-9A1E7A4F7556}") = "Domain.UnitTests", "ContractManagement\Domain.UnitTests\Domain.UnitTests.csproj", "{2681ABB8-3449-4E78-9B01-98047540FEB6}"
EndProject
Project("{9A19103F-16F7-4668-BE54-9A1E7A4F7556}") = "Infrastructure", "ContractManagement\Infrastructure\Infrastructure.csproj", "{59BF4F48-0446-46DB-B92B-CC02A895356D}"
EndProject
Project("{9A19103F-16F7-4668-BE54-9A1E7A4F7556}") = "MessageReceiver", "ContractManagement\MessageReceiver\MessageReceiver.csproj", "{7286F047-86D2-43FD-83DB-FBF296A3FAB4}"
EndProject
Project("{9A19103F-16F7-4668-BE54-9A1E7A4F7556}") = "WebAPI", "ContractManagement\WebAPI\WebAPI.csproj", "{11B5E76D-8783-407A-A2A3-7672BB9A7EB3}"
EndProject
Project("{2150E333-8FDC-42A3-9474-1A3956D46DE8}") = "OutputManagement", "OutputManagement", "{7AAFB998-934A-4D4C-A5D8-795724239F4D}"
EndProject
Project("{9A19103F-16F7-4668-BE54-9A1E7A4F7556}") = "OutputManagementService", "OutputManagement\OutputManagementService\OutputManagementService.csproj", "{D7302753-5FEC-4C63-A40B-B8CAED4A81CF}"
EndProject
Project("{2150E333-8FDC-42A3-9474-1A3956D46DE8}") = "Support", "Support", "{8491582E-894D-4339-A013-7F930912C1BA}"
EndProject
Project("{9A19103F-16F7-4668-BE54-9A1E7A4F7556}") = "MessageSender", "MessageSender\MessageSender.csproj", "{64557CD8-14E3-4C5A-AB2C-33C0A65A3489}"
EndProject
Project("{2150E333-8FDC-42A3-9474-1A3956D46DE8}") = "SQL", "SQL", "{A5F5E52D-1297-4599-87AA-C91EB15B5C06}"
	ProjectSection(SolutionItems) = preProject
		!Support\SQL\ContractData.sql = !Support\SQL\ContractData.sql
		!Support\SQL\CustomerData.sql = !Support\SQL\CustomerData.sql
		!Support\SQL\ProductData.sql = !Support\SQL\ProductData.sql
	EndProjectSection
EndProject
Global
	GlobalSection(SolutionConfigurationPlatforms) = preSolution
		Debug|Any CPU = Debug|Any CPU
		Release|Any CPU = Release|Any CPU
	EndGlobalSection
	GlobalSection(ProjectConfigurationPlatforms) = postSolution
		{AE88A001-83D9-4345-B78D-4A1A13FD906D}.Debug|Any CPU.ActiveCfg = Debug|Any CPU
		{AE88A001-83D9-4345-B78D-4A1A13FD906D}.Debug|Any CPU.Build.0 = Debug|Any CPU
		{AE88A001-83D9-4345-B78D-4A1A13FD906D}.Release|Any CPU.ActiveCfg = Release|Any CPU
		{AE88A001-83D9-4345-B78D-4A1A13FD906D}.Release|Any CPU.Build.0 = Release|Any CPU
		{D239EB1F-7056-45F9-BC28-D492FB5F9916}.Debug|Any CPU.ActiveCfg = Debug|Any CPU
		{D239EB1F-7056-45F9-BC28-D492FB5F9916}.Debug|Any CPU.Build.0 = Debug|Any CPU
		{D239EB1F-7056-45F9-BC28-D492FB5F9916}.Release|Any CPU.ActiveCfg = Release|Any CPU
		{D239EB1F-7056-45F9-BC28-D492FB5F9916}.Release|Any CPU.Build.0 = Release|Any CPU
		{5A143955-2538-4CC2-A20C-50529D65741C}.Debug|Any CPU.ActiveCfg = Debug|Any CPU
		{5A143955-2538-4CC2-A20C-50529D65741C}.Debug|Any CPU.Build.0 = Debug|Any CPU
		{5A143955-2538-4CC2-A20C-50529D65741C}.Release|Any CPU.ActiveCfg = Release|Any CPU
		{5A143955-2538-4CC2-A20C-50529D65741C}.Release|Any CPU.Build.0 = Release|Any CPU
		{56F88BF9-CE2E-4E7F-BB27-960275AB96FE}.Debug|Any CPU.ActiveCfg = Debug|Any CPU
		{56F88BF9-CE2E-4E7F-BB27-960275AB96FE}.Debug|Any CPU.Build.0 = Debug|Any CPU
		{56F88BF9-CE2E-4E7F-BB27-960275AB96FE}.Release|Any CPU.ActiveCfg = Release|Any CPU
		{56F88BF9-CE2E-4E7F-BB27-960275AB96FE}.Release|Any CPU.Build.0 = Release|Any CPU
		{E1D68C47-0941-44DC-B23D-EFA40A9E5399}.Debug|Any CPU.ActiveCfg = Debug|Any CPU
		{E1D68C47-0941-44DC-B23D-EFA40A9E5399}.Debug|Any CPU.Build.0 = Debug|Any CPU
		{E1D68C47-0941-44DC-B23D-EFA40A9E5399}.Release|Any CPU.ActiveCfg = Release|Any CPU
		{E1D68C47-0941-44DC-B23D-EFA40A9E5399}.Release|Any CPU.Build.0 = Release|Any CPU
		{2681ABB8-3449-4E78-9B01-98047540FEB6}.Debug|Any CPU.ActiveCfg = Debug|Any CPU
		{2681ABB8-3449-4E78-9B01-98047540FEB6}.Debug|Any CPU.Build.0 = Debug|Any CPU
		{2681ABB8-3449-4E78-9B01-98047540FEB6}.Release|Any CPU.ActiveCfg = Release|Any CPU
		{2681ABB8-3449-4E78-9B01-98047540FEB6}.Release|Any CPU.Build.0 = Release|Any CPU
		{59BF4F48-0446-46DB-B92B-CC02A895356D}.Debug|Any CPU.ActiveCfg = Debug|Any CPU
		{59BF4F48-0446-46DB-B92B-CC02A895356D}.Debug|Any CPU.Build.0 = Debug|Any CPU
		{59BF4F48-0446-46DB-B92B-CC02A895356D}.Release|Any CPU.ActiveCfg = Release|Any CPU
		{59BF4F48-0446-46DB-B92B-CC02A895356D}.Release|Any CPU.Build.0 = Release|Any CPU
		{7286F047-86D2-43FD-83DB-FBF296A3FAB4}.Debug|Any CPU.ActiveCfg = Debug|Any CPU
		{7286F047-86D2-43FD-83DB-FBF296A3FAB4}.Debug|Any CPU.Build.0 = Debug|Any CPU
		{7286F047-86D2-43FD-83DB-FBF296A3FAB4}.Release|Any CPU.ActiveCfg = Release|Any CPU
		{7286F047-86D2-43FD-83DB-FBF296A3FAB4}.Release|Any CPU.Build.0 = Release|Any CPU
		{11B5E76D-8783-407A-A2A3-7672BB9A7EB3}.Debug|Any CPU.ActiveCfg = Debug|Any CPU
		{11B5E76D-8783-407A-A2A3-7672BB9A7EB3}.Debug|Any CPU.Build.0 = Debug|Any CPU
		{11B5E76D-8783-407A-A2A3-7672BB9A7EB3}.Release|Any CPU.ActiveCfg = Release|Any CPU
		{11B5E76D-8783-407A-A2A3-7672BB9A7EB3}.Release|Any CPU.Build.0 = Release|Any CPU
		{D7302753-5FEC-4C63-A40B-B8CAED4A81CF}.Debug|Any CPU.ActiveCfg = Debug|Any CPU
		{D7302753-5FEC-4C63-A40B-B8CAED4A81CF}.Debug|Any CPU.Build.0 = Debug|Any CPU
		{D7302753-5FEC-4C63-A40B-B8CAED4A81CF}.Release|Any CPU.ActiveCfg = Release|Any CPU
		{D7302753-5FEC-4C63-A40B-B8CAED4A81CF}.Release|Any CPU.Build.0 = Release|Any CPU
		{64557CD8-14E3-4C5A-AB2C-33C0A65A3489}.Debug|Any CPU.ActiveCfg = Debug|Any CPU
		{64557CD8-14E3-4C5A-AB2C-33C0A65A3489}.Debug|Any CPU.Build.0 = Debug|Any CPU
		{64557CD8-14E3-4C5A-AB2C-33C0A65A3489}.Release|Any CPU.ActiveCfg = Release|Any CPU
		{64557CD8-14E3-4C5A-AB2C-33C0A65A3489}.Release|Any CPU.Build.0 = Release|Any CPU
	EndGlobalSection
	GlobalSection(SolutionProperties) = preSolution
		HideSolutionNode = FALSE
	EndGlobalSection
	GlobalSection(NestedProjects) = preSolution
		{AE88A001-83D9-4345-B78D-4A1A13FD906D} = {0A7984F3-6E40-46D4-B9A1-E7BA81D36225}
		{D239EB1F-7056-45F9-BC28-D492FB5F9916} = {0A7984F3-6E40-46D4-B9A1-E7BA81D36225}
		{5A143955-2538-4CC2-A20C-50529D65741C} = {0A7984F3-6E40-46D4-B9A1-E7BA81D36225}
		{56F88BF9-CE2E-4E7F-BB27-960275AB96FE} = {A33A8FA8-7A77-4BB6-A56A-A17FB50DE8D4}
		{E1D68C47-0941-44DC-B23D-EFA40A9E5399} = {A33A8FA8-7A77-4BB6-A56A-A17FB50DE8D4}
		{2681ABB8-3449-4E78-9B01-98047540FEB6} = {A33A8FA8-7A77-4BB6-A56A-A17FB50DE8D4}
		{59BF4F48-0446-46DB-B92B-CC02A895356D} = {A33A8FA8-7A77-4BB6-A56A-A17FB50DE8D4}
		{7286F047-86D2-43FD-83DB-FBF296A3FAB4} = {A33A8FA8-7A77-4BB6-A56A-A17FB50DE8D4}
		{11B5E76D-8783-407A-A2A3-7672BB9A7EB3} = {A33A8FA8-7A77-4BB6-A56A-A17FB50DE8D4}
		{D7302753-5FEC-4C63-A40B-B8CAED4A81CF} = {7AAFB998-934A-4D4C-A5D8-795724239F4D}
		{64557CD8-14E3-4C5A-AB2C-33C0A65A3489} = {8491582E-894D-4339-A013-7F930912C1BA}
		{A5F5E52D-1297-4599-87AA-C91EB15B5C06} = {8491582E-894D-4339-A013-7F930912C1BA}
	EndGlobalSection
	GlobalSection(ExtensibilityGlobals) = postSolution
		SolutionGuid = {E07B6A26-F60C-457E-AFEE-0B2B07D13507}
	EndGlobalSection
EndGlobal
